Microsoft Visual Studio Solution File, Format Version 11.00
# Visual Studio 2008

Project("{8FE227F9-A4C2-FF15-3B7C-CC3575A32365}") = "TressFX_Github", "Assembly-CSharp.csproj", "{D6E336F3-1163-BBAA-27F2-103CF2E7CC57}"
EndProject
Project("{8FE227F9-A4C2-FF15-3B7C-CC3575A32365}") = "TressFX_Github", "Assembly-UnityScript-firstpass.unityproj", "{288588D2-FBFE-48C7-D821-DF2777F13487}"
EndProject
Project("{8FE227F9-A4C2-FF15-3B7C-CC3575A32365}") = "TressFX_Github", "Assembly-UnityScript.unityproj", "{F5291E53-9D77-CBAC-9F47-1FA23A1FF2FD}"
EndProject
Global
	GlobalSection(SolutionConfigurationPlatforms) = preSolution
		Debug|Any CPU = Debug|Any CPU
		Release|Any CPU = Release|Any CPU
	EndGlobalSection
	GlobalSection(ProjectConfigurationPlatforms) = postSolution
		{D6E336F3-1163-BBAA-27F2-103CF2E7CC57}.Debug|Any CPU.ActiveCfg = Debug|Any CPU
		{D6E336F3-1163-BBAA-27F2-103CF2E7CC57}.Debug|Any CPU.Build.0 = Debug|Any CPU
		{D6E336F3-1163-BBAA-27F2-103CF2E7CC57}.Release|Any CPU.ActiveCfg = Release|Any CPU
		{D6E336F3-1163-BBAA-27F2-103CF2E7CC57}.Release|Any CPU.Build.0 = Release|Any CPU
		{288588D2-FBFE-48C7-D821-DF2777F13487}.Debug|Any CPU.ActiveCfg = Debug|Any CPU
		{288588D2-FBFE-48C7-D821-DF2777F13487}.Debug|Any CPU.Build.0 = Debug|Any CPU
		{288588D2-FBFE-48C7-D821-DF2777F13487}.Release|Any CPU.ActiveCfg = Release|Any CPU
		{288588D2-FBFE-48C7-D821-DF2777F13487}.Release|Any CPU.Build.0 = Release|Any CPU
		{F5291E53-9D77-CBAC-9F47-1FA23A1FF2FD}.Debug|Any CPU.ActiveCfg = Debug|Any CPU
		{F5291E53-9D77-CBAC-9F47-1FA23A1FF2FD}.Debug|Any CPU.Build.0 = Debug|Any CPU
		{F5291E53-9D77-CBAC-9F47-1FA23A1FF2FD}.Release|Any CPU.ActiveCfg = Release|Any CPU
		{F5291E53-9D77-CBAC-9F47-1FA23A1FF2FD}.Release|Any CPU.Build.0 = Release|Any CPU
	EndGlobalSection
	GlobalSection(SolutionProperties) = preSolution
		HideSolutionNode = FALSE
	EndGlobalSection
																																												GlobalSection(MonoDevelopProperties) = preSolution
		StartupItem = Assembly-CSharp.csproj
		Policies = $0
		$0.TextStylePolicy = $1
		$1.inheritsSet = null
		$1.scope = text/x-csharp
		$0.CSharpFormattingPolicy = $2
		$2.inheritsSet = Mono
		$2.inheritsScope = text/x-csharp
		$2.scope = text/x-csharp
		$0.TextStylePolicy = $3
		$3.FileWidth = 120
		$3.TabWidth = 4
		$3.EolMarker = Unix
		$3.inheritsSet = Mono
		$3.inheritsScope = text/plain
		$3.scope = text/plain
	EndGlobalSection

EndGlobal
